// !$*UTF8*$!
{
	archiveVersion = 1;
	classes = {
	};
	objectVersion = 48;
	objects = {

/* Begin PBXBuildFile section */
		6074D0A22196AD0D00AD746F /* AppDelegate.swift in Sources */ = {isa = PBXBuildFile; fileRef = 6074D0A12196AD0D00AD746F /* AppDelegate.swift */; };
		6074D0A42196AD0D00AD746F /* ViewController.swift in Sources */ = {isa = PBXBuildFile; fileRef = 6074D0A32196AD0D00AD746F /* ViewController.swift */; };
		6074D0A72196AD0D00AD746F /* Main.storyboard in Resources */ = {isa = PBXBuildFile; fileRef = 6074D0A52196AD0D00AD746F /* Main.storyboard */; };
		6074D0A92196AD0D00AD746F /* Assets.xcassets in Resources */ = {isa = PBXBuildFile; fileRef = 6074D0A82196AD0D00AD746F /* Assets.xcassets */; };
		6074D0AC2196AD0D00AD746F /* LaunchScreen.storyboard in Resources */ = {isa = PBXBuildFile; fileRef = 6074D0AA2196AD0D00AD746F /* LaunchScreen.storyboard */; };
		6074D0B42196AD1D00AD746F /* extension.swift in Sources */ = {isa = PBXBuildFile; fileRef = 6074D0B32196AD1D00AD746F /* extension.swift */; };
		6074D0B82196B65900AD746F /* main_logo.png in Resources */ = {isa = PBXBuildFile; fileRef = 6074D0B72196B65800AD746F /* main_logo.png */; };
		6074D0BD2196B77500AD746F /* DummyTableViewCell.swift in Sources */ = {isa = PBXBuildFile; fileRef = 6074D0BB2196B77500AD746F /* DummyTableViewCell.swift */; };
		6074D0BE2196B77500AD746F /* DummyTableViewCell.xib in Resources */ = {isa = PBXBuildFile; fileRef = 6074D0BC2196B77500AD746F /* DummyTableViewCell.xib */; };
		6074D0C32196B8F800AD746F /* ResultTableViewCell.swift in Sources */ = {isa = PBXBuildFile; fileRef = 6074D0C12196B8F800AD746F /* ResultTableViewCell.swift */; };
		6074D0C42196B8F800AD746F /* ResultTableViewCell.xib in Resources */ = {isa = PBXBuildFile; fileRef = 6074D0C22196B8F800AD746F /* ResultTableViewCell.xib */; };
		6074D0C72196BFEC00AD746F /* HeaderTableViewCell.swift in Sources */ = {isa = PBXBuildFile; fileRef = 6074D0C52196BFEC00AD746F /* HeaderTableViewCell.swift */; };
		6074D0C82196BFEC00AD746F /* HeaderTableViewCell.xib in Resources */ = {isa = PBXBuildFile; fileRef = 6074D0C62196BFEC00AD746F /* HeaderTableViewCell.xib */; };
/* End PBXBuildFile section */

/* Begin PBXFileReference section */
		6074D09E2196AD0D00AD746F /* interviewTest.app */ = {isa = PBXFileReference; explicitFileType = wrapper.application; includeInIndex = 0; path = interviewTest.app; sourceTree = BUILT_PRODUCTS_DIR; };
		6074D0A12196AD0D00AD746F /* AppDelegate.swift */ = {isa = PBXFileReference; lastKnownFileType = sourcecode.swift; path = AppDelegate.swift; sourceTree = "<group>"; };
		6074D0A32196AD0D00AD746F /* ViewController.swift */ = {isa = PBXFileReference; lastKnownFileType = sourcecode.swift; path = ViewController.swift; sourceTree = "<group>"; };
		6074D0A62196AD0D00AD746F /* Base */ = {isa = PBXFileReference; lastKnownFileType = file.storyboard; name = Base; path = Base.lproj/Main.storyboard; sourceTree = "<group>"; };
		6074D0A82196AD0D00AD746F /* Assets.xcassets */ = {isa = PBXFileReference; lastKnownFileType = folder.assetcatalog; path = Assets.xcassets; sourceTree = "<group>"; };
		6074D0AB2196AD0D00AD746F /* Base */ = {isa = PBXFileReference; lastKnownFileType = file.storyboard; name = Base; path = Base.lproj/LaunchScreen.storyboard; sourceTree = "<group>"; };
		6074D0AD2196AD0D00AD746F /* Info.plist */ = {isa = PBXFileReference; lastKnownFileType = text.plist.xml; path = Info.plist; sourceTree = "<group>"; };
		6074D0B32196AD1D00AD746F /* extension.swift */ = {isa = PBXFileReference; lastKnownFileType = sourcecode.swift; path = extension.swift; sourceTree = "<group>"; };
		6074D0B72196B65800AD746F /* main_logo.png */ = {isa = PBXFileReference; lastKnownFileType = image.png; path = main_logo.png; sourceTree = "<group>"; };
		6074D0BB2196B77500AD746F /* DummyTableViewCell.swift */ = {isa = PBXFileReference; lastKnownFileType = sourcecode.swift; path = DummyTableViewCell.swift; sourceTree = "<group>"; };
		6074D0BC2196B77500AD746F /* DummyTableViewCell.xib */ = {isa = PBXFileReference; lastKnownFileType = file.xib; path = DummyTableViewCell.xib; sourceTree = "<group>"; };
		6074D0C12196B8F800AD746F /* ResultTableViewCell.swift */ = {isa = PBXFileReference; lastKnownFileType = sourcecode.swift; path = ResultTableViewCell.swift; sourceTree = "<group>"; };
		6074D0C22196B8F800AD746F /* ResultTableViewCell.xib */ = {isa = PBXFileReference; lastKnownFileType = file.xib; path = ResultTableViewCell.xib; sourceTree = "<group>"; };
		6074D0C52196BFEC00AD746F /* HeaderTableViewCell.swift */ = {isa = PBXFileReference; lastKnownFileType = sourcecode.swift; path = HeaderTableViewCell.swift; sourceTree = "<group>"; };
		6074D0C62196BFEC00AD746F /* HeaderTableViewCell.xib */ = {isa = PBXFileReference; lastKnownFileType = file.xib; path = HeaderTableViewCell.xib; sourceTree = "<group>"; };
/* End PBXFileReference section */

/* Begin PBXFrameworksBuildPhase section */
		6074D09B2196AD0D00AD746F /* Frameworks */ = {
			isa = PBXFrameworksBuildPhase;
			buildActionMask = 2147483647;
			files = (
			);
			runOnlyForDeploymentPostprocessing = 0;
		};
/* End PBXFrameworksBuildPhase section */

/* Begin PBXGroup section */
		6074D0952196AD0D00AD746F = {
			isa = PBXGroup;
			children = (
				6074D0A02196AD0D00AD746F /* interviewTest */,
				6074D09F2196AD0D00AD746F /* Products */,
			);
			sourceTree = "<group>";
		};
		6074D09F2196AD0D00AD746F /* Products */ = {
			isa = PBXGroup;
			children = (
				6074D09E2196AD0D00AD746F /* interviewTest.app */,
			);
			name = Products;
			sourceTree = "<group>";
		};
		6074D0A02196AD0D00AD746F /* interviewTest */ = {
			isa = PBXGroup;
			children = (
				6074D0BB2196B77500AD746F /* DummyTableViewCell.swift */,
				6074D0BC2196B77500AD746F /* DummyTableViewCell.xib */,
				6074D0A12196AD0D00AD746F /* AppDelegate.swift */,
				6074D0A32196AD0D00AD746F /* ViewController.swift */,
				6074D0B32196AD1D00AD746F /* extension.swift */,
				6074D0A52196AD0D00AD746F /* Main.storyboard */,
				6074D0B72196B65800AD746F /* main_logo.png */,
				6074D0A82196AD0D00AD746F /* Assets.xcassets */,
				6074D0AA2196AD0D00AD746F /* LaunchScreen.storyboard */,
				6074D0AD2196AD0D00AD746F /* Info.plist */,
				6074D0C12196B8F800AD746F /* ResultTableViewCell.swift */,
				6074D0C22196B8F800AD746F /* ResultTableViewCell.xib */,
				6074D0C52196BFEC00AD746F /* HeaderTableViewCell.swift */,
				6074D0C62196BFEC00AD746F /* HeaderTableViewCell.xib */,
			);
			path = interviewTest;
			sourceTree = "<group>";
		};
/* End PBXGroup section */

/* Begin PBXNativeTarget section */
		6074D09D2196AD0D00AD746F /* interviewTest */ = {
			isa = PBXNativeTarget;
			buildConfigurationList = 6074D0B02196AD0D00AD746F /* Build configuration list for PBXNativeTarget "interviewTest" */;
			buildPhases = (
				6074D09A2196AD0D00AD746F /* Sources */,
				6074D09B2196AD0D00AD746F /* Frameworks */,
				6074D09C2196AD0D00AD746F /* Resources */,
			);
			buildRules = (
			);
			dependencies = (
			);
			name = interviewTest;
			productName = interviewTest;
			productReference = 6074D09E2196AD0D00AD746F /* interviewTest.app */;
			productType = "com.apple.product-type.application";
		};
/* End PBXNativeTarget section */

/* Begin PBXProject section */
		6074D0962196AD0D00AD746F /* Project object */ = {
			isa = PBXProject;
			attributes = {
				LastSwiftUpdateCheck = 0920;
				LastUpgradeCheck = 0920;
				ORGANIZATIONNAME = tax_k;
				TargetAttributes = {
					6074D09D2196AD0D00AD746F = {
						CreatedOnToolsVersion = 9.2;
						ProvisioningStyle = Automatic;
					};
				};
			};
			buildConfigurationList = 6074D0992196AD0D00AD746F /* Build configuration list for PBXProject "interviewTest" */;
			compatibilityVersion = "Xcode 8.0";
			developmentRegion = en;
			hasScannedForEncodings = 0;
			knownRegions = (
				en,
				Base,
			);
			mainGroup = 6074D0952196AD0D00AD746F;
			productRefGroup = 6074D09F2196AD0D00AD746F /* Products */;
			projectDirPath = "";
			projectRoot = "";
			targets = (
				6074D09D2196AD0D00AD746F /* interviewTest */,
			);
		};
/* End PBXProject section */

/* Begin PBXResourcesBuildPhase section */
		6074D09C2196AD0D00AD746F /* Resources */ = {
			isa = PBXResourcesBuildPhase;
			buildActionMask = 2147483647;
			files = (
				6074D0AC2196AD0D00AD746F /* LaunchScreen.storyboard in Resources */,
				6074D0C82196BFEC00AD746F /* HeaderTableViewCell.xib in Resources */,
				6074D0B82196B65900AD746F /* main_logo.png in Resources */,
				6074D0C42196B8F800AD746F /* ResultTableViewCell.xib in Resources */,
				6074D0A92196AD0D00AD746F /* Assets.xcassets in Resources */,
				6074D0BE2196B77500AD746F /* DummyTableViewCell.xib in Resources */,
				6074D0A72196AD0D00AD746F /* Main.storyboard in Resources */,
			);
			runOnlyForDeploymentPostprocessing = 0;
		};
/* End PBXResourcesBuildPhase section */

/* Begin PBXSourcesBuildPhase section */
		6074D09A2196AD0D00AD746F /* Sources */ = {
			isa = PBXSourcesBuildPhase;
			buildActionMask = 2147483647;
			files = (
				6074D0B42196AD1D00AD746F /* extension.swift in Sources */,
				6074D0A42196AD0D00AD746F /* ViewController.swift in Sources */,
				6074D0A22196AD0D00AD746F /* AppDelegate.swift in Sources */,
				6074D0C32196B8F800AD746F /* ResultTableViewCell.swift in Sources */,
				6074D0C72196BFEC00AD746F /* HeaderTableViewCell.swift in Sources */,
				6074D0BD2196B77500AD746F /* DummyTableViewCell.swift in Sources */,
			);
			runOnlyForDeploymentPostprocessing = 0;
		};
/* End PBXSourcesBuildPhase section */

/* Begin PBXVariantGroup section */
		6074D0A52196AD0D00AD746F /* Main.storyboard */ = {
			isa = PBXVariantGroup;
			children = (
				6074D0A62196AD0D00AD746F /* Base */,
			);
			name = Main.storyboard;
			sourceTree = "<group>";
		};
		6074D0AA2196AD0D00AD746F /* LaunchScreen.storyboard */ = {
			isa = PBXVariantGroup;
			children = (
				6074D0AB2196AD0D00AD746F /* Base */,
			);
			name = LaunchScreen.storyboard;
			sourceTree = "<group>";
		};
/* End PBXVariantGroup section */

/* Begin XCBuildConfiguration section */
		6074D0AE2196AD0D00AD746F /* Debug */ = {
			isa = XCBuildConfiguration;
			buildSettings = {
				ALWAYS_SEARCH_USER_PATHS = NO;
				CLANG_ANALYZER_NONNULL = YES;
				CLANG_ANALYZER_NUMBER_OBJECT_CONVERSION = YES_AGGRESSIVE;
				CLANG_CXX_LANGUAGE_STANDARD = "gnu++14";
				CLANG_CXX_LIBRARY = "libc++";
				CLANG_ENABLE_MODULES = YES;
				CLANG_ENABLE_OBJC_ARC = YES;
				CLANG_WARN_BLOCK_CAPTURE_AUTORELEASING = YES;
				CLANG_WARN_BOOL_CONVERSION = YES;
				CLANG_WARN_COMMA = YES;
				CLANG_WARN_CONSTANT_CONVERSION = YES;
				CLANG_WARN_DIRECT_OBJC_ISA_USAGE = YES_ERROR;
				CLANG_WARN_DOCUMENTATION_COMMENTS = YES;
				CLANG_WARN_EMPTY_BODY = YES;
				CLANG_WARN_ENUM_CONVERSION = YES;
				CLANG_WARN_INFINITE_RECURSION = YES;
				CLANG_WARN_INT_CONVERSION = YES;
				CLANG_WARN_NON_LITERAL_NULL_CONVERSION = YES;
				CLANG_WARN_OBJC_LITERAL_CONVERSION = YES;
				CLANG_WARN_OBJC_ROOT_CLASS = YES_ERROR;
				CLANG_WARN_RANGE_LOOP_ANALYSIS = YES;
				CLANG_WARN_STRICT_PROTOTYPES = YES;
				CLANG_WARN_SUSPICIOUS_MOVE = YES;
				CLANG_WARN_UNGUARDED_AVAILABILITY = YES_AGGRESSIVE;
				CLANG_WARN_UNREACHABLE_CODE = YES;
				CLANG_WARN__DUPLICATE_METHOD_MATCH = YES;
				CODE_SIGN_IDENTITY = "iPhone Developer";
				COPY_PHASE_STRIP = NO;
				DEBUG_INFORMATION_FORMAT = dwarf;
				ENABLE_STRICT_OBJC_MSGSEND = YES;
				ENABLE_TESTABILITY = YES;
				GCC_C_LANGUAGE_STANDARD = gnu11;
				GCC_DYNAMIC_NO_PIC = NO;
				GCC_NO_COMMON_BLOCKS = YES;
				GCC_OPTIMIZATION_LEVEL = 0;
				GCC_PREPROCESSOR_DEFINITIONS = (
					"DEBUG=1",
					"$(inherited)",
				);
				GCC_WARN_64_TO_32_BIT_CONVERSION = YES;
				GCC_WARN_ABOUT_RETURN_TYPE = YES_ERROR;
				GCC_WARN_UNDECLARED_SELECTOR = YES;
				GCC_WARN_UNINITIALIZED_AUTOS = YES_AGGRESSIVE;
				GCC_WARN_UNUSED_FUNCTION = YES;
				GCC_WARN_UNUSED_VARIABLE = YES;
				IPHONEOS_DEPLOYMENT_TARGET = 11.2;
				MTL_ENABLE_DEBUG_INFO = YES;
				ONLY_ACTIVE_ARCH = YES;
				SDKROOT = iphoneos;
				SWIFT_ACTIVE_COMPILATION_CONDITIONS = DEBUG;
				SWIFT_OPTIMIZATION_LEVEL = "-Onone";
			};
			name = Debug;
		};
		6074D0AF2196AD0D00AD746F /* Release */ = {
			isa = XCBuildConfiguration;
			buildSettings = {
				ALWAYS_SEARCH_USER_PATHS = NO;
				CLANG_ANALYZER_NONNULL = YES;
				CLANG_ANALYZER_NUMBER_OBJECT_CONVERSION = YES_AGGRESSIVE;
				CLANG_CXX_LANGUAGE_STANDARD = "gnu++14";
				CLANG_CXX_LIBRARY = "libc++";
				CLANG_ENABLE_MODULES = YES;
				CLANG_ENABLE_OBJC_ARC = YES;
				CLANG_WARN_BLOCK_CAPTURE_AUTORELEASING = YES;
				CLANG_WARN_BOOL_CONVERSION = YES;
				CLANG_WARN_COMMA = YES;
				CLANG_WARN_CONSTANT_CONVERSION = YES;
				CLANG_WARN_DIRECT_OBJC_ISA_USAGE = YES_ERROR;
				CLANG_WARN_DOCUMENTATION_COMMENTS = YES;
				CLANG_WARN_EMPTY_BODY = YES;
				CLANG_WARN_ENUM_CONVERSION = YES;
				CLANG_WARN_INFINITE_RECURSION = YES;
				CLANG_WARN_INT_CONVERSION = YES;
				CLANG_WARN_NON_LITERAL_NULL_CONVERSION = YES;
				CLANG_WARN_OBJC_LITERAL_CONVERSION = YES;
				CLANG_WARN_OBJC_ROOT_CLASS = YES_ERROR;
				CLANG_WARN_RANGE_LOOP_ANALYSIS = YES;
				CLANG_WARN_STRICT_PROTOTYPES = YES;
				CLANG_WARN_SUSPICIOUS_MOVE = YES;
				CLANG_WARN_UNGUARDED_AVAILABILITY = YES_AGGRESSIVE;
				CLANG_WARN_UNREACHABLE_CODE = YES;
				CLANG_WARN__DUPLICATE_METHOD_MATCH = YES;
				CODE_SIGN_IDENTITY = "iPhone Developer";
				COPY_PHASE_STRIP = NO;
				DEBUG_INFORMATION_FORMAT = "dwarf-with-dsym";
				ENABLE_NS_ASSERTIONS = NO;
				ENABLE_STRICT_OBJC_MSGSEND = YES;
				GCC_C_LANGUAGE_STANDARD = gnu11;
				GCC_NO_COMMON_BLOCKS = YES;
				GCC_WARN_64_TO_32_BIT_CONVERSION = YES;
				GCC_WARN_ABOUT_RETURN_TYPE = YES_ERROR;
				GCC_WARN_UNDECLARED_SELECTOR = YES;
				GCC_WARN_UNINITIALIZED_AUTOS = YES_AGGRESSIVE;
				GCC_WARN_UNUSED_FUNCTION = YES;
				GCC_WARN_UNUSED_VARIABLE = YES;
				IPHONEOS_DEPLOYMENT_TARGET = 11.2;
				MTL_ENABLE_DEBUG_INFO = NO;
				SDKROOT = iphoneos;
				SWIFT_OPTIMIZATION_LEVEL = "-Owholemodule";
				VALIDATE_PRODUCT = YES;
			};
			name = Release;
		};
		6074D0B12196AD0D00AD746F /* Debug */ = {
			isa = XCBuildConfiguration;
			buildSettings = {
				ASSETCATALOG_COMPILER_APPICON_NAME = AppIcon;
				CODE_SIGN_STYLE = Automatic;
				DEVELOPMENT_TEAM = 7C5R9X9Z2N;
				INFOPLIST_FILE = interviewTest/Info.plist;
				LD_RUNPATH_SEARCH_PATHS = "$(inherited) @executable_path/Frameworks";
				PRODUCT_BUNDLE_IDENTIFIER = taxk.interviewTest;
				PRODUCT_NAME = "$(TARGET_NAME)";
				SWIFT_VERSION = 4.0;
				TARGETED_DEVICE_FAMILY = "1,2";
			};
			name = Debug;
		};
		6074D0B22196AD0D00AD746F /* Release */ = {
			isa = XCBuildConfiguration;
			buildSettings = {
				ASSETCATALOG_COMPILER_APPICON_NAME = AppIcon;
				CODE_SIGN_STYLE = Automatic;
				DEVELOPMENT_TEAM = 7C5R9X9Z2N;
				INFOPLIST_FILE = interviewTest/Info.plist;
				LD_RUNPATH_SEARCH_PATHS = "$(inherited) @executable_path/Frameworks";
				PRODUCT_BUNDLE_IDENTIFIER = taxk.interviewTest;
				PRODUCT_NAME = "$(TARGET_NAME)";
				SWIFT_VERSION = 4.0;
				TARGETED_DEVICE_FAMILY = "1,2";
			};
			name = Release;
		};
/* End XCBuildConfiguration section */

/* Begin XCConfigurationList section */
		6074D0992196AD0D00AD746F /* Build configuration list for PBXProject "interviewTest" */ = {
			isa = XCConfigurationList;
			buildConfigurations = (
				6074D0AE2196AD0D00AD746F /* Debug */,
				6074D0AF2196AD0D00AD746F /* Release */,
			);
			defaultConfigurationIsVisible = 0;
			defaultConfigurationName = Release;
		};
		6074D0B02196AD0D00AD746F /* Build configuration list for PBXNativeTarget "interviewTest" */ = {
			isa = XCConfigurationList;
			buildConfigurations = (
				6074D0B12196AD0D00AD746F /* Debug */,
				6074D0B22196AD0D00AD746F /* Release */,
			);
			defaultConfigurationIsVisible = 0;
			defaultConfigurationName = Release;
		};
/* End XCConfigurationList section */
	};
	rootObject = 6074D0962196AD0D00AD746F /* Project object */;
}
